
Microsoft Visual Studio Solution File, Format Version 12.00
# Visual Studio Version 16
VisualStudioVersion = 16.0.29306.81
MinimumVisualStudioVersion = 10.0.40219.1
Project("{9A19103F-16F7-4668-BE54-9A1E7A4F7556}") = "ApiIntegration", "ApiIntegration\ApiIntegration.csproj", "{85465E9D-3461-4E79-9726-2FA8789D8307}"
EndProject
Project("{9A19103F-16F7-4668-BE54-9A1E7A4F7556}") = "ApiIntegration.Tests", "ApiIntegration.Tests\ApiIntegration.Tests.csproj", "{7B52A055-51CF-462F-BFE5-027569E2BDCC}"
EndProject
Project("{2150E333-8FDC-42A3-9474-1A3956D46DE8}") = "Solution Items", "Solution Items", "{C34D1F04-7474-4694-83E4-7AC3CDB73D36}"
	ProjectSection(SolutionItems) = preProject
		ReadMe.md = ReadMe.md
	EndProjectSection
EndProject
Project("{FAE04EC0-301F-11D3-BF4B-00C04F79EFBC}") = "ApiIntegration.Swagger", "ApiIntegration.Swagger\ApiIntegration.Swagger.csproj", "{9FEDAC71-BC73-46A0-A40C-62EBE041979F}"
EndProject
Global
	GlobalSection(SolutionConfigurationPlatforms) = preSolution
		Debug|Any CPU = Debug|Any CPU
		Release|Any CPU = Release|Any CPU
	EndGlobalSection
	GlobalSection(ProjectConfigurationPlatforms) = postSolution
		{85465E9D-3461-4E79-9726-2FA8789D8307}.Debug|Any CPU.ActiveCfg = Debug|Any CPU
		{85465E9D-3461-4E79-9726-2FA8789D8307}.Debug|Any CPU.Build.0 = Debug|Any CPU
		{85465E9D-3461-4E79-9726-2FA8789D8307}.Release|Any CPU.ActiveCfg = Release|Any CPU
		{85465E9D-3461-4E79-9726-2FA8789D8307}.Release|Any CPU.Build.0 = Release|Any CPU
		{7B52A055-51CF-462F-BFE5-027569E2BDCC}.Debug|Any CPU.ActiveCfg = Debug|Any CPU
		{7B52A055-51CF-462F-BFE5-027569E2BDCC}.Debug|Any CPU.Build.0 = Debug|Any CPU
		{7B52A055-51CF-462F-BFE5-027569E2BDCC}.Release|Any CPU.ActiveCfg = Release|Any CPU
		{7B52A055-51CF-462F-BFE5-027569E2BDCC}.Release|Any CPU.Build.0 = Release|Any CPU
		{9FEDAC71-BC73-46A0-A40C-62EBE041979F}.Debug|Any CPU.ActiveCfg = Debug|Any CPU
		{9FEDAC71-BC73-46A0-A40C-62EBE041979F}.Debug|Any CPU.Build.0 = Debug|Any CPU
		{9FEDAC71-BC73-46A0-A40C-62EBE041979F}.Release|Any CPU.ActiveCfg = Release|Any CPU
		{9FEDAC71-BC73-46A0-A40C-62EBE041979F}.Release|Any CPU.Build.0 = Release|Any CPU
	EndGlobalSection
	GlobalSection(SolutionProperties) = preSolution
		HideSolutionNode = FALSE
	EndGlobalSection
	GlobalSection(ExtensibilityGlobals) = postSolution
		SolutionGuid = {86D94FA2-A617-4005-A495-7448F60523EF}
	EndGlobalSection
EndGlobal
